
Microsoft Visual Studio Solution File, Format Version 12.00
# Visual Studio Version 16
VisualStudioVersion = 16.0.31229.75
MinimumVisualStudioVersion = 10.0.40219.1
Project("{9A19103F-16F7-4668-BE54-9A1E7A4F7556}") = "DeliVeggie.Common.MessageTypes", "src\Common\DeliVeggie.Common.Entities\DeliVeggie.Common.MessageTypes.csproj", "{8939B542-1226-48D3-8036-D69C7ABF81A4}"
EndProject
Project("{9A19103F-16F7-4668-BE54-9A1E7A4F7556}") = "DeliVeggie.GatewayAPI", "src\Gateway\DeliVeggie.GatewayAPI\DeliVeggie.GatewayAPI.csproj", "{E80AFF7A-8621-46CE-B168-C83A9C41974B}"
EndProject
Project("{9A19103F-16F7-4668-BE54-9A1E7A4F7556}") = "DeliVeggie.Product.Service", "src\Services\DeliVeggie.Data.Product\DeliVeggie.Product.Service.csproj", "{CD26C754-8D41-4034-8894-7EB160277202}"
EndProject
Global
	GlobalSection(SolutionConfigurationPlatforms) = preSolution
		Debug|Any CPU = Debug|Any CPU
		Release|Any CPU = Release|Any CPU
	EndGlobalSection
	GlobalSection(ProjectConfigurationPlatforms) = postSolution
		{8939B542-1226-48D3-8036-D69C7ABF81A4}.Debug|Any CPU.ActiveCfg = Debug|Any CPU
		{8939B542-1226-48D3-8036-D69C7ABF81A4}.Debug|Any CPU.Build.0 = Debug|Any CPU
		{8939B542-1226-48D3-8036-D69C7ABF81A4}.Release|Any CPU.ActiveCfg = Release|Any CPU
		{8939B542-1226-48D3-8036-D69C7ABF81A4}.Release|Any CPU.Build.0 = Release|Any CPU
		{E80AFF7A-8621-46CE-B168-C83A9C41974B}.Debug|Any CPU.ActiveCfg = Debug|Any CPU
		{E80AFF7A-8621-46CE-B168-C83A9C41974B}.Debug|Any CPU.Build.0 = Debug|Any CPU
		{E80AFF7A-8621-46CE-B168-C83A9C41974B}.Release|Any CPU.ActiveCfg = Release|Any CPU
		{E80AFF7A-8621-46CE-B168-C83A9C41974B}.Release|Any CPU.Build.0 = Release|Any CPU
		{CD26C754-8D41-4034-8894-7EB160277202}.Debug|Any CPU.ActiveCfg = Debug|Any CPU
		{CD26C754-8D41-4034-8894-7EB160277202}.Debug|Any CPU.Build.0 = Debug|Any CPU
		{CD26C754-8D41-4034-8894-7EB160277202}.Release|Any CPU.ActiveCfg = Release|Any CPU
		{CD26C754-8D41-4034-8894-7EB160277202}.Release|Any CPU.Build.0 = Release|Any CPU
	EndGlobalSection
	GlobalSection(SolutionProperties) = preSolution
		HideSolutionNode = FALSE
	EndGlobalSection
	GlobalSection(ExtensibilityGlobals) = postSolution
		SolutionGuid = {8FDC5EF2-132A-4511-956C-80B66245D2E1}
	EndGlobalSection
EndGlobal
